
Microsoft Visual Studio Solution File, Format Version 10.00
# Visual Basic Express 2008
Project("{F184B08F-C81C-45F6-A57F-5ABD9991F28F}") = "ADBK", "ADBK.vbproj", "{856535A0-F0FD-4BF3-AD1A-24E31B7CEF06}"
EndProject
Global
	GlobalSection(SolutionConfigurationPlatforms) = preSolution
		Debug|Any CPU = Debug|Any CPU
		Release|Any CPU = Release|Any CPU
	EndGlobalSection
	GlobalSection(ProjectConfigurationPlatforms) = postSolution
		{856535A0-F0FD-4BF3-AD1A-24E31B7CEF06}.Debug|Any CPU.ActiveCfg = Debug|Any CPU
		{856535A0-F0FD-4BF3-AD1A-24E31B7CEF06}.Debug|Any CPU.Build.0 = Debug|Any CPU
		{856535A0-F0FD-4BF3-AD1A-24E31B7CEF06}.Release|Any CPU.ActiveCfg = Release|Any CPU
		{856535A0-F0FD-4BF3-AD1A-24E31B7CEF06}.Release|Any CPU.Build.0 = Release|Any CPU
	EndGlobalSection
	GlobalSection(SolutionProperties) = preSolution
		HideSolutionNode = FALSE
	EndGlobalSection
EndGlobal
